
Microsoft Visual Studio Solution File, Format Version 12.00
# Visual Studio Version 16
VisualStudioVersion = 16.0.29020.237
MinimumVisualStudioVersion = 10.0.40219.1
Project("{FAE04EC0-301F-11D3-BF4B-00C04F79EFBC}") = "GW2BuildLibrary", "GW2BuildLibrary.csproj", "{E774435F-8A82-4961-A013-204082568C3F}"
EndProject
Project("{FAE04EC0-301F-11D3-BF4B-00C04F79EFBC}") = "ApiDataGenerator", "ApiDataGenerator\ApiDataGenerator.csproj", "{FDEBE2B1-966D-4784-87F9-C8EB553FCB1B}"
EndProject
Global
	GlobalSection(SolutionConfigurationPlatforms) = preSolution
		Debug|Any CPU = Debug|Any CPU
		Release|Any CPU = Release|Any CPU
	EndGlobalSection
	GlobalSection(ProjectConfigurationPlatforms) = postSolution
		{E774435F-8A82-4961-A013-204082568C3F}.Debug|Any CPU.ActiveCfg = Debug|Any CPU
		{E774435F-8A82-4961-A013-204082568C3F}.Debug|Any CPU.Build.0 = Debug|Any CPU
		{E774435F-8A82-4961-A013-204082568C3F}.Release|Any CPU.ActiveCfg = Release|Any CPU
		{E774435F-8A82-4961-A013-204082568C3F}.Release|Any CPU.Build.0 = Release|Any CPU
		{FDEBE2B1-966D-4784-87F9-C8EB553FCB1B}.Debug|Any CPU.ActiveCfg = Debug|Any CPU
		{FDEBE2B1-966D-4784-87F9-C8EB553FCB1B}.Debug|Any CPU.Build.0 = Debug|Any CPU
		{FDEBE2B1-966D-4784-87F9-C8EB553FCB1B}.Release|Any CPU.ActiveCfg = Release|Any CPU
		{FDEBE2B1-966D-4784-87F9-C8EB553FCB1B}.Release|Any CPU.Build.0 = Release|Any CPU
	EndGlobalSection
	GlobalSection(SolutionProperties) = preSolution
		HideSolutionNode = FALSE
	EndGlobalSection
	GlobalSection(ExtensibilityGlobals) = postSolution
		SolutionGuid = {7B550CC2-AF77-4C2F-8CD7-623F6EC34CED}
	EndGlobalSection
EndGlobal
